{
  "version": 4,
  "terraform_version": "1.14.2",
  "serial": 14,
  "lineage": "5b079410-fee7-7d73-5165-c184909ad04c",
  "outputs": {},
  "resources": [
    {
      "mode": "data",
      "type": "aws_iam_instance_profile",
      "name": "ec2_profile",
      "provider": "provider[\"registry.terraform.io/hashicorp/aws\"]",
      "instances": [
        {
          "schema_version": 0,
          "attributes": {
            "arn": "arn:aws:iam::278571754197:instance-profile/Production-Server-SSM-Profile",
            "create_date": "2025-12-13 17:56:19 +0000 UTC",
            "id": "AIPAUBXBLULKQYXIRGAID",
            "name": "Production-Server-SSM-Profile",
            "path": "/",
            "role_arn": "arn:aws:iam::278571754197:role/Production-Server-SSM-Role",
            "role_id": "AROAUBXBLULKXWVG3I6CP",
            "role_name": "Production-Server-SSM-Role"
          },
          "sensitive_attributes": [],
          "identity_schema_version": 0
        }
      ]
    },
    {
      "mode": "data",
      "type": "aws_iam_role",
      "name": "ec2_ssm_role",
      "provider": "provider[\"registry.terraform.io/hashicorp/aws\"]",
      "instances": [
        {
          "schema_version": 0,
          "attributes": {
            "arn": "arn:aws:iam::278571754197:role/Production-Server-SSM-Role",
            "assume_role_policy": "{\"Version\":\"2012-10-17\",\"Statement\":[{\"Effect\":\"Allow\",\"Principal\":{\"Service\":\"ec2.amazonaws.com\"},\"Action\":\"sts:AssumeRole\"}]}",
            "create_date": "2025-12-13T17:56:17Z",
            "description": "",
            "id": "Production-Server-SSM-Role",
            "max_session_duration": 3600,
            "name": "Production-Server-SSM-Role",
            "path": "/",
            "permissions_boundary": "",
            "role_last_used": [
              {
                "last_used_date": "2025-12-13T19:41:48Z",
                "region": "ap-south-1"
              }
            ],
            "tags": {},
            "unique_id": "AROAUBXBLULKXWVG3I6CP"
          },
          "sensitive_attributes": [],
          "identity_schema_version": 0
        }
      ]
    },
    {
      "mode": "data",
      "type": "aws_security_group",
      "name": "Production_Security_Group",
      "provider": "provider[\"registry.terraform.io/hashicorp/aws\"]",
      "instances": [
        {
          "schema_version": 0,
          "attributes": {
            "arn": "arn:aws:ec2:ap-south-1:278571754197:security-group/sg-079468c09a4b57fd8",
            "description": "This is confidential Security Group for PRODUCTION server",
            "filter": null,
            "id": "sg-079468c09a4b57fd8",
            "name": "Production_Security_Group",
            "region": "ap-south-1",
            "tags": {
              "ENV": "PROD",
              "name": "prod_sg"
            },
            "timeouts": null,
            "vpc_id": "vpc-0f53d0831f6539b6d"
          },
          "sensitive_attributes": [],
          "identity_schema_version": 0
        }
      ]
    },
    {
      "mode": "data",
      "type": "aws_subnet",
      "name": "Production_Subnet",
      "provider": "provider[\"registry.terraform.io/hashicorp/aws\"]",
      "instances": [
        {
          "schema_version": 0,
          "attributes": {
            "arn": "arn:aws:ec2:ap-south-1:278571754197:subnet/subnet-03ac59624843f72a6",
            "assign_ipv6_address_on_creation": false,
            "availability_zone": "ap-south-1b",
            "availability_zone_id": "aps1-az3",
            "available_ip_address_count": 4091,
            "cidr_block": "172.31.0.0/20",
            "customer_owned_ipv4_pool": "",
            "default_for_az": true,
            "enable_dns64": false,
            "enable_lni_at_device_index": 0,
            "enable_resource_name_dns_a_record_on_launch": false,
            "enable_resource_name_dns_aaaa_record_on_launch": false,
            "filter": null,
            "id": "subnet-03ac59624843f72a6",
            "ipv6_cidr_block": "",
            "ipv6_cidr_block_association_id": "",
            "ipv6_native": false,
            "map_customer_owned_ip_on_launch": false,
            "map_public_ip_on_launch": true,
            "outpost_arn": "",
            "owner_id": "278571754197",
            "private_dns_hostname_type_on_launch": "ip-name",
            "region": "ap-south-1",
            "state": "available",
            "tags": {},
            "timeouts": null,
            "vpc_id": "vpc-0f53d0831f6539b6d"
          },
          "sensitive_attributes": [],
          "identity_schema_version": 0
        }
      ]
    },
    {
      "mode": "data",
      "type": "aws_vpc",
      "name": "Production_VPC",
      "provider": "provider[\"registry.terraform.io/hashicorp/aws\"]",
      "instances": [
        {
          "schema_version": 0,
          "attributes": {
            "arn": "arn:aws:ec2:ap-south-1:278571754197:vpc/vpc-0f53d0831f6539b6d",
            "cidr_block": "172.31.0.0/16",
            "cidr_block_associations": [
              {
                "association_id": "vpc-cidr-assoc-094eb5198a1c40d22",
                "cidr_block": "172.31.0.0/16",
                "state": "associated"
              }
            ],
            "default": true,
            "dhcp_options_id": "dopt-0ee8252bf527ead7e",
            "enable_dns_hostnames": true,
            "enable_dns_support": true,
            "enable_network_address_usage_metrics": false,
            "filter": null,
            "id": "vpc-0f53d0831f6539b6d",
            "instance_tenancy": "default",
            "ipv6_association_id": "",
            "ipv6_cidr_block": "",
            "main_route_table_id": "rtb-0010dbedfe5084695",
            "owner_id": "278571754197",
            "region": "ap-south-1",
            "state": null,
            "tags": {},
            "timeouts": null
          },
          "sensitive_attributes": [],
          "identity_schema_version": 0
        }
      ]
    },
    {
      "mode": "managed",
      "type": "aws_instance",
      "name": "Production_server",
      "provider": "provider[\"registry.terraform.io/hashicorp/aws\"]",
      "instances": [
        {
          "schema_version": 2,
          "attributes": {
            "ami": "ami-02b8269d5e85954ef",
            "arn": "arn:aws:ec2:ap-south-1:278571754197:instance/i-0ad1983a0d0cf7c93",
            "associate_public_ip_address": true,
            "availability_zone": "ap-south-1b",
            "capacity_reservation_specification": [
              {
                "capacity_reservation_preference": "open",
                "capacity_reservation_target": []
              }
            ],
            "cpu_options": [
              {
                "amd_sev_snp": "",
                "core_count": 1,
                "threads_per_core": 2
              }
            ],
            "credit_specification": [
              {
                "cpu_credits": "unlimited"
              }
            ],
            "disable_api_stop": false,
            "disable_api_termination": false,
            "ebs_block_device": [],
            "ebs_optimized": false,
            "enable_primary_ipv6": null,
            "enclave_options": [
              {
                "enabled": false
              }
            ],
            "ephemeral_block_device": [],
            "force_destroy": false,
            "get_password_data": false,
            "hibernation": false,
            "host_id": "",
            "host_resource_group_arn": null,
            "iam_instance_profile": "Production-Server-SSM-Profile",
            "id": "i-0ad1983a0d0cf7c93",
            "instance_initiated_shutdown_behavior": "stop",
            "instance_lifecycle": "",
            "instance_market_options": [],
            "instance_state": "running",
            "instance_type": "t3.micro",
            "ipv6_address_count": 0,
            "ipv6_addresses": [],
            "key_name": "",
            "launch_template": [],
            "maintenance_options": [
              {
                "auto_recovery": "default"
              }
            ],
            "metadata_options": [
              {
                "http_endpoint": "enabled",
                "http_protocol_ipv6": "disabled",
                "http_put_response_hop_limit": 2,
                "http_tokens": "required",
                "instance_metadata_tags": "disabled"
              }
            ],
            "monitoring": false,
            "network_interface": [],
            "outpost_arn": "",
            "password_data": "",
            "placement_group": "",
            "placement_group_id": "",
            "placement_partition_number": 0,
            "primary_network_interface": [
              {
                "delete_on_termination": true,
                "network_interface_id": "eni-0a13c1ec0bac95026"
              }
            ],
            "primary_network_interface_id": "eni-0a13c1ec0bac95026",
            "private_dns": "ip-172-31-13-238.ap-south-1.compute.internal",
            "private_dns_name_options": [
              {
                "enable_resource_name_dns_a_record": false,
                "enable_resource_name_dns_aaaa_record": false,
                "hostname_type": "ip-name"
              }
            ],
            "private_ip": "172.31.13.238",
            "public_dns": "ec2-52-66-120-149.ap-south-1.compute.amazonaws.com",
            "public_ip": "52.66.120.149",
            "region": "ap-south-1",
            "root_block_device": [
              {
                "delete_on_termination": true,
                "device_name": "/dev/sda1",
                "encrypted": false,
                "iops": 3000,
                "kms_key_id": "",
                "tags": {},
                "tags_all": {},
                "throughput": 125,
                "volume_id": "vol-00336dedb2a828430",
                "volume_size": 8,
                "volume_type": "gp3"
              }
            ],
            "secondary_private_ips": [],
            "security_groups": [
              "sg-079468c09a4b57fd8"
            ],
            "source_dest_check": true,
            "spot_instance_request_id": "",
            "subnet_id": "subnet-03ac59624843f72a6",
            "tags": {
              "Name": "Production Server"
            },
            "tags_all": {
              "Name": "Production Server"
            },
            "tenancy": "default",
            "timeouts": null,
            "user_data": null,
            "user_data_base64": null,
            "user_data_replace_on_change": false,
            "volume_tags": null,
            "vpc_security_group_ids": [
              "sg-079468c09a4b57fd8"
            ]
          },
          "sensitive_attributes": [],
          "identity_schema_version": 0,
          "identity": {
            "account_id": "278571754197",
            "id": "i-0ad1983a0d0cf7c93",
            "region": "ap-south-1"
          },
          "private": "eyJlMmJmYjczMC1lY2FhLTExZTYtOGY4OC0zNDM2M2JjN2M0YzAiOnsiY3JlYXRlIjo2MDAwMDAwMDAwMDAsImRlbGV0ZSI6MTIwMDAwMDAwMDAwMCwicmVhZCI6OTAwMDAwMDAwMDAwLCJ1cGRhdGUiOjYwMDAwMDAwMDAwMH0sInNjaGVtYV92ZXJzaW9uIjoiMiJ9",
          "dependencies": [
            "data.aws_iam_instance_profile.ec2_profile",
            "data.aws_security_group.Production_Security_Group",
            "data.aws_subnet.Production_Subnet"
          ]
        }
      ]
    },
    {
      "mode": "managed",
      "type": "local_file",
      "name": "ansible_inventory",
      "provider": "provider[\"registry.terraform.io/hashicorp/local\"]",
      "instances": [
        {
          "schema_version": 0,
          "attributes": {
            "content": "    [prod]\n    i-0ad1983a0d0cf7c93 ansible_connection=aws_ssm ansible_aws_ssm_region=ap-south-1\n",
            "content_base64": null,
            "content_base64sha256": "Y5vHHQrUVXf4to57QxCk+dzxedUzMG1AL0bp5UE+iu0=",
            "content_base64sha512": "vOkxubiSYEKpsOPALHx5nWCc8WmPDLq6pMFvuOV99Nm+5It48js5tbp3QaqdE5koyVS+HQ03DtBO9X/9cIMdmQ==",
            "content_md5": "d161647c3b263449e01b7765d54b3b3d",
            "content_sha1": "c111d791ac7ee775862b45a54ef18b53b64e2e14",
            "content_sha256": "639bc71d0ad45577f8b68e7b4310a4f9dcf179d533306d402f46e9e5413e8aed",
            "content_sha512": "bce931b9b8926042a9b0e3c02c7c799d609cf1698f0cbabaa4c16fb8e57df4d9bee48b78f23b39b5ba7741aa9d139928c954be1d0d370ed04ef57ffd70831d99",
            "directory_permission": "0777",
            "file_permission": "0777",
            "filename": "../ansible/inventory.ini",
            "id": "c111d791ac7ee775862b45a54ef18b53b64e2e14",
            "sensitive_content": null,
            "source": null
          },
          "sensitive_attributes": [
            [
              {
                "type": "get_attr",
                "value": "sensitive_content"
              }
            ]
          ],
          "identity_schema_version": 0,
          "dependencies": [
            "aws_instance.Production_server",
            "data.aws_iam_instance_profile.ec2_profile",
            "data.aws_security_group.Production_Security_Group",
            "data.aws_subnet.Production_Subnet"
          ]
        }
      ]
    }
  ],
  "check_results": null
}
